// !$*UTF8*$!
{
	archiveVersion = 1;
	classes = {
	};
	objectVersion = 46;
	objects = {

/* Begin PBXBuildFile section */
		12164AB1191605D3001D5FB9 /* Foundation.framework in Frameworks */ = {isa = PBXBuildFile; fileRef = 12164AB0191605D3001D5FB9 /* Foundation.framework */; };
		12164AB3191605D3001D5FB9 /* CoreGraphics.framework in Frameworks */ = {isa = PBXBuildFile; fileRef = 12164AB2191605D3001D5FB9 /* CoreGraphics.framework */; };
		12164AB5191605D3001D5FB9 /* UIKit.framework in Frameworks */ = {isa = PBXBuildFile; fileRef = 12164AB4191605D3001D5FB9 /* UIKit.framework */; };
		12164ABB191605D3001D5FB9 /* InfoPlist.strings in Resources */ = {isa = PBXBuildFile; fileRef = 12164AB9191605D3001D5FB9 /* InfoPlist.strings */; };
		12164ABD191605D3001D5FB9 /* main.m in Sources */ = {isa = PBXBuildFile; fileRef = 12164ABC191605D3001D5FB9 /* main.m */; };
		12164AC1191605D4001D5FB9 /* CrazyDragAppDelegate.m in Sources */ = {isa = PBXBuildFile; fileRef = 12164AC0191605D4001D5FB9 /* CrazyDragAppDelegate.m */; };
		12164AC4191605D4001D5FB9 /* Main.storyboard in Resources */ = {isa = PBXBuildFile; fileRef = 12164AC2191605D4001D5FB9 /* Main.storyboard */; };
		12164AC7191605D4001D5FB9 /* CrazyDragViewController.m in Sources */ = {isa = PBXBuildFile; fileRef = 12164AC6191605D4001D5FB9 /* CrazyDragViewController.m */; };
		12164AC9191605D4001D5FB9 /* Images.xcassets in Resources */ = {isa = PBXBuildFile; fileRef = 12164AC8191605D4001D5FB9 /* Images.xcassets */; };
		12164AD0191605D4001D5FB9 /* XCTest.framework in Frameworks */ = {isa = PBXBuildFile; fileRef = 12164ACF191605D4001D5FB9 /* XCTest.framework */; };
		12164AD1191605D4001D5FB9 /* Foundation.framework in Frameworks */ = {isa = PBXBuildFile; fileRef = 12164AB0191605D3001D5FB9 /* Foundation.framework */; };
		12164AD2191605D4001D5FB9 /* UIKit.framework in Frameworks */ = {isa = PBXBuildFile; fileRef = 12164AB4191605D3001D5FB9 /* UIKit.framework */; };
		12164ADA191605D4001D5FB9 /* InfoPlist.strings in Resources */ = {isa = PBXBuildFile; fileRef = 12164AD8191605D4001D5FB9 /* InfoPlist.strings */; };
		12164ADC191605D4001D5FB9 /* CrazyDragTests.m in Sources */ = {isa = PBXBuildFile; fileRef = 12164ADB191605D4001D5FB9 /* CrazyDragTests.m */; };
		12164AE8191638B6001D5FB9 /* AboutViewController.m in Sources */ = {isa = PBXBuildFile; fileRef = 12164AE6191638B6001D5FB9 /* AboutViewController.m */; };
		12164AE9191638B6001D5FB9 /* AboutViewController.xib in Resources */ = {isa = PBXBuildFile; fileRef = 12164AE7191638B6001D5FB9 /* AboutViewController.xib */; };
		12164B07191644EC001D5FB9 /* Background.png in Resources */ = {isa = PBXBuildFile; fileRef = 12164AFE191644EC001D5FB9 /* Background.png */; };
		12164B08191644EC001D5FB9 /* Button-Highlighted.png in Resources */ = {isa = PBXBuildFile; fileRef = 12164AFF191644EC001D5FB9 /* Button-Highlighted.png */; };
		12164B09191644EC001D5FB9 /* Button-Normal.png in Resources */ = {isa = PBXBuildFile; fileRef = 12164B00191644EC001D5FB9 /* Button-Normal.png */; };
		12164B0A191644EC001D5FB9 /* SliderThumb-Highlighted.png in Resources */ = {isa = PBXBuildFile; fileRef = 12164B01191644EC001D5FB9 /* SliderThumb-Highlighted.png */; };
		12164B0B191644EC001D5FB9 /* SliderThumb-Normal.png in Resources */ = {isa = PBXBuildFile; fileRef = 12164B02191644EC001D5FB9 /* SliderThumb-Normal.png */; };
		12164B0C191644EC001D5FB9 /* SliderTrackLeft.png in Resources */ = {isa = PBXBuildFile; fileRef = 12164B03191644EC001D5FB9 /* SliderTrackLeft.png */; };
		12164B0D191644EC001D5FB9 /* SliderTrackRight.png in Resources */ = {isa = PBXBuildFile; fileRef = 12164B04191644EC001D5FB9 /* SliderTrackRight.png */; };
		12164B0E191644EC001D5FB9 /* StartOverButton.png in Resources */ = {isa = PBXBuildFile; fileRef = 12164B05191644EC001D5FB9 /* StartOverButton.png */; };
		12164B0F191644EC001D5FB9 /* StartOverIcon.png in Resources */ = {isa = PBXBuildFile; fileRef = 12164B06191644EC001D5FB9 /* StartOverIcon.png */; };
		12164B11191670FC001D5FB9 /* CrazyDrag.html in Resources */ = {isa = PBXBuildFile; fileRef = 12164B10191670FC001D5FB9 /* CrazyDrag.html */; };
		1227235F19168BB700BEA7BB /* no.mp3 in Resources */ = {isa = PBXBuildFile; fileRef = 1227235E19168BB700BEA7BB /* no.mp3 */; };
/* End PBXBuildFile section */

/* Begin PBXContainerItemProxy section */
		12164AD3191605D4001D5FB9 /* PBXContainerItemProxy */ = {
			isa = PBXContainerItemProxy;
			containerPortal = 12164AA5191605D3001D5FB9 /* Project object */;
			proxyType = 1;
			remoteGlobalIDString = 12164AAC191605D3001D5FB9;
			remoteInfo = CrazyDrag;
		};
/* End PBXContainerItemProxy section */

/* Begin PBXFileReference section */
		12164AAD191605D3001D5FB9 /* CrazyDrag.app */ = {isa = PBXFileReference; explicitFileType = wrapper.application; includeInIndex = 0; path = CrazyDrag.app; sourceTree = BUILT_PRODUCTS_DIR; };
		12164AB0191605D3001D5FB9 /* Foundation.framework */ = {isa = PBXFileReference; lastKnownFileType = wrapper.framework; name = Foundation.framework; path = System/Library/Frameworks/Foundation.framework; sourceTree = SDKROOT; };
		12164AB2191605D3001D5FB9 /* CoreGraphics.framework */ = {isa = PBXFileReference; lastKnownFileType = wrapper.framework; name = CoreGraphics.framework; path = System/Library/Frameworks/CoreGraphics.framework; sourceTree = SDKROOT; };
		12164AB4191605D3001D5FB9 /* UIKit.framework */ = {isa = PBXFileReference; lastKnownFileType = wrapper.framework; name = UIKit.framework; path = System/Library/Frameworks/UIKit.framework; sourceTree = SDKROOT; };
		12164AB8191605D3001D5FB9 /* CrazyDrag-Info.plist */ = {isa = PBXFileReference; lastKnownFileType = text.plist.xml; path = "CrazyDrag-Info.plist"; sourceTree = "<group>"; };
		12164ABA191605D3001D5FB9 /* en */ = {isa = PBXFileReference; lastKnownFileType = text.plist.strings; name = en; path = en.lproj/InfoPlist.strings; sourceTree = "<group>"; };
		12164ABC191605D3001D5FB9 /* main.m */ = {isa = PBXFileReference; lastKnownFileType = sourcecode.c.objc; path = main.m; sourceTree = "<group>"; };
		12164ABE191605D3001D5FB9 /* CrazyDrag-Prefix.pch */ = {isa = PBXFileReference; lastKnownFileType = sourcecode.c.h; path = "CrazyDrag-Prefix.pch"; sourceTree = "<group>"; };
		12164ABF191605D3001D5FB9 /* CrazyDragAppDelegate.h */ = {isa = PBXFileReference; lastKnownFileType = sourcecode.c.h; path = CrazyDragAppDelegate.h; sourceTree = "<group>"; };
		12164AC0191605D4001D5FB9 /* CrazyDragAppDelegate.m */ = {isa = PBXFileReference; lastKnownFileType = sourcecode.c.objc; path = CrazyDragAppDelegate.m; sourceTree = "<group>"; };
		12164AC3191605D4001D5FB9 /* Base */ = {isa = PBXFileReference; lastKnownFileType = file.storyboard; name = Base; path = Base.lproj/Main.storyboard; sourceTree = "<group>"; };
		12164AC5191605D4001D5FB9 /* CrazyDragViewController.h */ = {isa = PBXFileReference; lastKnownFileType = sourcecode.c.h; path = CrazyDragViewController.h; sourceTree = "<group>"; };
		12164AC6191605D4001D5FB9 /* CrazyDragViewController.m */ = {isa = PBXFileReference; lastKnownFileType = sourcecode.c.objc; path = CrazyDragViewController.m; sourceTree = "<group>"; };
		12164AC8191605D4001D5FB9 /* Images.xcassets */ = {isa = PBXFileReference; lastKnownFileType = folder.assetcatalog; path = Images.xcassets; sourceTree = "<group>"; };
		12164ACE191605D4001D5FB9 /* CrazyDragTests.xctest */ = {isa = PBXFileReference; explicitFileType = wrapper.cfbundle; includeInIndex = 0; path = CrazyDragTests.xctest; sourceTree = BUILT_PRODUCTS_DIR; };
		12164ACF191605D4001D5FB9 /* XCTest.framework */ = {isa = PBXFileReference; lastKnownFileType = wrapper.framework; name = XCTest.framework; path = Library/Frameworks/XCTest.framework; sourceTree = DEVELOPER_DIR; };
		12164AD7191605D4001D5FB9 /* CrazyDragTests-Info.plist */ = {isa = PBXFileReference; lastKnownFileType = text.plist.xml; path = "CrazyDragTests-Info.plist"; sourceTree = "<group>"; };
		12164AD9191605D4001D5FB9 /* en */ = {isa = PBXFileReference; lastKnownFileType = text.plist.strings; name = en; path = en.lproj/InfoPlist.strings; sourceTree = "<group>"; };
		12164ADB191605D4001D5FB9 /* CrazyDragTests.m */ = {isa = PBXFileReference; lastKnownFileType = sourcecode.c.objc; path = CrazyDragTests.m; sourceTree = "<group>"; };
		12164AE5191638B6001D5FB9 /* AboutViewController.h */ = {isa = PBXFileReference; fileEncoding = 4; lastKnownFileType = sourcecode.c.h; path = AboutViewController.h; sourceTree = "<group>"; };
		12164AE6191638B6001D5FB9 /* AboutViewController.m */ = {isa = PBXFileReference; fileEncoding = 4; lastKnownFileType = sourcecode.c.objc; path = AboutViewController.m; sourceTree = "<group>"; };
		12164AE7191638B6001D5FB9 /* AboutViewController.xib */ = {isa = PBXFileReference; fileEncoding = 4; lastKnownFileType = file.xib; path = AboutViewController.xib; sourceTree = "<group>"; };
		12164AFE191644EC001D5FB9 /* Background.png */ = {isa = PBXFileReference; lastKnownFileType = image.png; path = Background.png; sourceTree = "<group>"; };
		12164AFF191644EC001D5FB9 /* Button-Highlighted.png */ = {isa = PBXFileReference; lastKnownFileType = image.png; path = "Button-Highlighted.png"; sourceTree = "<group>"; };
		12164B00191644EC001D5FB9 /* Button-Normal.png */ = {isa = PBXFileReference; lastKnownFileType = image.png; path = "Button-Normal.png"; sourceTree = "<group>"; };
		12164B01191644EC001D5FB9 /* SliderThumb-Highlighted.png */ = {isa = PBXFileReference; lastKnownFileType = image.png; path = "SliderThumb-Highlighted.png"; sourceTree = "<group>"; };
		12164B02191644EC001D5FB9 /* SliderThumb-Normal.png */ = {isa = PBXFileReference; lastKnownFileType = image.png; path = "SliderThumb-Normal.png"; sourceTree = "<group>"; };
		12164B03191644EC001D5FB9 /* SliderTrackLeft.png */ = {isa = PBXFileReference; lastKnownFileType = image.png; path = SliderTrackLeft.png; sourceTree = "<group>"; };
		12164B04191644EC001D5FB9 /* SliderTrackRight.png */ = {isa = PBXFileReference; lastKnownFileType = image.png; path = SliderTrackRight.png; sourceTree = "<group>"; };
		12164B05191644EC001D5FB9 /* StartOverButton.png */ = {isa = PBXFileReference; lastKnownFileType = image.png; path = StartOverButton.png; sourceTree = "<group>"; };
		12164B06191644EC001D5FB9 /* StartOverIcon.png */ = {isa = PBXFileReference; lastKnownFileType = image.png; path = StartOverIcon.png; sourceTree = "<group>"; };
		12164B10191670FC001D5FB9 /* CrazyDrag.html */ = {isa = PBXFileReference; fileEncoding = 4; lastKnownFileType = text.html; path = CrazyDrag.html; sourceTree = "<group>"; };
		1227235E19168BB700BEA7BB /* no.mp3 */ = {isa = PBXFileReference; lastKnownFileType = audio.mp3; path = no.mp3; sourceTree = "<group>"; };
/* End PBXFileReference section */

/* Begin PBXFrameworksBuildPhase section */
		12164AAA191605D3001D5FB9 /* Frameworks */ = {
			isa = PBXFrameworksBuildPhase;
			buildActionMask = 2147483647;
			files = (
				12164AB3191605D3001D5FB9 /* CoreGraphics.framework in Frameworks */,
				12164AB5191605D3001D5FB9 /* UIKit.framework in Frameworks */,
				12164AB1191605D3001D5FB9 /* Foundation.framework in Frameworks */,
			);
			runOnlyForDeploymentPostprocessing = 0;
		};
		12164ACB191605D4001D5FB9 /* Frameworks */ = {
			isa = PBXFrameworksBuildPhase;
			buildActionMask = 2147483647;
			files = (
				12164AD0191605D4001D5FB9 /* XCTest.framework in Frameworks */,
				12164AD2191605D4001D5FB9 /* UIKit.framework in Frameworks */,
				12164AD1191605D4001D5FB9 /* Foundation.framework in Frameworks */,
			);
			runOnlyForDeploymentPostprocessing = 0;
		};
/* End PBXFrameworksBuildPhase section */

/* Begin PBXGroup section */
		12164AA4191605D3001D5FB9 = {
			isa = PBXGroup;
			children = (
				12164AB6191605D3001D5FB9 /* CrazyDrag */,
				12164AD5191605D4001D5FB9 /* CrazyDragTests */,
				12164AAF191605D3001D5FB9 /* Frameworks */,
				12164AAE191605D3001D5FB9 /* Products */,
			);
			sourceTree = "<group>";
		};
		12164AAE191605D3001D5FB9 /* Products */ = {
			isa = PBXGroup;
			children = (
				12164AAD191605D3001D5FB9 /* CrazyDrag.app */,
				12164ACE191605D4001D5FB9 /* CrazyDragTests.xctest */,
			);
			name = Products;
			sourceTree = "<group>";
		};
		12164AAF191605D3001D5FB9 /* Frameworks */ = {
			isa = PBXGroup;
			children = (
				12164AB0191605D3001D5FB9 /* Foundation.framework */,
				12164AB2191605D3001D5FB9 /* CoreGraphics.framework */,
				12164AB4191605D3001D5FB9 /* UIKit.framework */,
				12164ACF191605D4001D5FB9 /* XCTest.framework */,
			);
			name = Frameworks;
			sourceTree = "<group>";
		};
		12164AB6191605D3001D5FB9 /* CrazyDrag */ = {
			isa = PBXGroup;
			children = (
				1227235D19168BB700BEA7BB /* music */,
				12164AFD191644EC001D5FB9 /* Images */,
				12164B10191670FC001D5FB9 /* CrazyDrag.html */,
				12164ABF191605D3001D5FB9 /* CrazyDragAppDelegate.h */,
				12164AC0191605D4001D5FB9 /* CrazyDragAppDelegate.m */,
				12164AC2191605D4001D5FB9 /* Main.storyboard */,
				12164AC5191605D4001D5FB9 /* CrazyDragViewController.h */,
				12164AC6191605D4001D5FB9 /* CrazyDragViewController.m */,
				12164AE5191638B6001D5FB9 /* AboutViewController.h */,
				12164AE6191638B6001D5FB9 /* AboutViewController.m */,
				12164AE7191638B6001D5FB9 /* AboutViewController.xib */,
				12164AC8191605D4001D5FB9 /* Images.xcassets */,
				12164AB7191605D3001D5FB9 /* Supporting Files */,
			);
			path = CrazyDrag;
			sourceTree = "<group>";
		};
		12164AB7191605D3001D5FB9 /* Supporting Files */ = {
			isa = PBXGroup;
			children = (
				12164AB8191605D3001D5FB9 /* CrazyDrag-Info.plist */,
				12164AB9191605D3001D5FB9 /* InfoPlist.strings */,
				12164ABC191605D3001D5FB9 /* main.m */,
				12164ABE191605D3001D5FB9 /* CrazyDrag-Prefix.pch */,
			);
			name = "Supporting Files";
			sourceTree = "<group>";
		};
		12164AD5191605D4001D5FB9 /* CrazyDragTests */ = {
			isa = PBXGroup;
			children = (
				12164ADB191605D4001D5FB9 /* CrazyDragTests.m */,
				12164AD6191605D4001D5FB9 /* Supporting Files */,
			);
			path = CrazyDragTests;
			sourceTree = "<group>";
		};
		12164AD6191605D4001D5FB9 /* Supporting Files */ = {
			isa = PBXGroup;
			children = (
				12164AD7191605D4001D5FB9 /* CrazyDragTests-Info.plist */,
				12164AD8191605D4001D5FB9 /* InfoPlist.strings */,
			);
			name = "Supporting Files";
			sourceTree = "<group>";
		};
		12164AFD191644EC001D5FB9 /* Images */ = {
			isa = PBXGroup;
			children = (
				12164AFE191644EC001D5FB9 /* Background.png */,
				12164AFF191644EC001D5FB9 /* Button-Highlighted.png */,
				12164B00191644EC001D5FB9 /* Button-Normal.png */,
				12164B01191644EC001D5FB9 /* SliderThumb-Highlighted.png */,
				12164B02191644EC001D5FB9 /* SliderThumb-Normal.png */,
				12164B03191644EC001D5FB9 /* SliderTrackLeft.png */,
				12164B04191644EC001D5FB9 /* SliderTrackRight.png */,
				12164B05191644EC001D5FB9 /* StartOverButton.png */,
				12164B06191644EC001D5FB9 /* StartOverIcon.png */,
			);
			name = Images;
			path = ../Images;
			sourceTree = "<group>";
		};
		1227235D19168BB700BEA7BB /* music */ = {
			isa = PBXGroup;
			children = (
				1227235E19168BB700BEA7BB /* no.mp3 */,
			);
			path = music;
			sourceTree = "<group>";
		};
/* End PBXGroup section */

/* Begin PBXNativeTarget section */
		12164AAC191605D3001D5FB9 /* CrazyDrag */ = {
			isa = PBXNativeTarget;
			buildConfigurationList = 12164ADF191605D4001D5FB9 /* Build configuration list for PBXNativeTarget "CrazyDrag" */;
			buildPhases = (
				12164AA9191605D3001D5FB9 /* Sources */,
				12164AAA191605D3001D5FB9 /* Frameworks */,
				12164AAB191605D3001D5FB9 /* Resources */,
			);
			buildRules = (
			);
			dependencies = (
			);
			name = CrazyDrag;
			productName = CrazyDrag;
			productReference = 12164AAD191605D3001D5FB9 /* CrazyDrag.app */;
			productType = "com.apple.product-type.application";
		};
		12164ACD191605D4001D5FB9 /* CrazyDragTests */ = {
			isa = PBXNativeTarget;
			buildConfigurationList = 12164AE2191605D4001D5FB9 /* Build configuration list for PBXNativeTarget "CrazyDragTests" */;
			buildPhases = (
				12164ACA191605D4001D5FB9 /* Sources */,
				12164ACB191605D4001D5FB9 /* Frameworks */,
				12164ACC191605D4001D5FB9 /* Resources */,
			);
			buildRules = (
			);
			dependencies = (
				12164AD4191605D4001D5FB9 /* PBXTargetDependency */,
			);
			name = CrazyDragTests;
			productName = CrazyDragTests;
			productReference = 12164ACE191605D4001D5FB9 /* CrazyDragTests.xctest */;
			productType = "com.apple.product-type.bundle.unit-test";
		};
/* End PBXNativeTarget section */

/* Begin PBXProject section */
		12164AA5191605D3001D5FB9 /* Project object */ = {
			isa = PBXProject;
			attributes = {
				CLASSPREFIX = CrazyDrag;
				LastUpgradeCheck = 0510;
				ORGANIZATIONNAME = iOSlearning;
				TargetAttributes = {
					12164ACD191605D4001D5FB9 = {
						TestTargetID = 12164AAC191605D3001D5FB9;
					};
				};
			};
			buildConfigurationList = 12164AA8191605D3001D5FB9 /* Build configuration list for PBXProject "CrazyDrag" */;
			compatibilityVersion = "Xcode 3.2";
			developmentRegion = English;
			hasScannedForEncodings = 0;
			knownRegions = (
				en,
				Base,
			);
			mainGroup = 12164AA4191605D3001D5FB9;
			productRefGroup = 12164AAE191605D3001D5FB9 /* Products */;
			projectDirPath = "";
			projectRoot = "";
			targets = (
				12164AAC191605D3001D5FB9 /* CrazyDrag */,
				12164ACD191605D4001D5FB9 /* CrazyDragTests */,
			);
		};
/* End PBXProject section */

/* Begin PBXResourcesBuildPhase section */
		12164AAB191605D3001D5FB9 /* Resources */ = {
			isa = PBXResourcesBuildPhase;
			buildActionMask = 2147483647;
			files = (
				1227235F19168BB700BEA7BB /* no.mp3 in Resources */,
				12164AC9191605D4001D5FB9 /* Images.xcassets in Resources */,
				12164ABB191605D3001D5FB9 /* InfoPlist.strings in Resources */,
				12164B09191644EC001D5FB9 /* Button-Normal.png in Resources */,
				12164B0C191644EC001D5FB9 /* SliderTrackLeft.png in Resources */,
				12164B11191670FC001D5FB9 /* CrazyDrag.html in Resources */,
				12164B07191644EC001D5FB9 /* Background.png in Resources */,
				12164B08191644EC001D5FB9 /* Button-Highlighted.png in Resources */,
				12164AE9191638B6001D5FB9 /* AboutViewController.xib in Resources */,
				12164B0D191644EC001D5FB9 /* SliderTrackRight.png in Resources */,
				12164B0E191644EC001D5FB9 /* StartOverButton.png in Resources */,
				12164B0F191644EC001D5FB9 /* StartOverIcon.png in Resources */,
				12164AC4191605D4001D5FB9 /* Main.storyboard in Resources */,
				12164B0B191644EC001D5FB9 /* SliderThumb-Normal.png in Resources */,
				12164B0A191644EC001D5FB9 /* SliderThumb-Highlighted.png in Resources */,
			);
			runOnlyForDeploymentPostprocessing = 0;
		};
		12164ACC191605D4001D5FB9 /* Resources */ = {
			isa = PBXResourcesBuildPhase;
			buildActionMask = 2147483647;
			files = (
				12164ADA191605D4001D5FB9 /* InfoPlist.strings in Resources */,
			);
			runOnlyForDeploymentPostprocessing = 0;
		};
/* End PBXResourcesBuildPhase section */

/* Begin PBXSourcesBuildPhase section */
		12164AA9191605D3001D5FB9 /* Sources */ = {
			isa = PBXSourcesBuildPhase;
			buildActionMask = 2147483647;
			files = (
				12164AC1191605D4001D5FB9 /* CrazyDragAppDelegate.m in Sources */,
				12164ABD191605D3001D5FB9 /* main.m in Sources */,
				12164AE8191638B6001D5FB9 /* AboutViewController.m in Sources */,
				12164AC7191605D4001D5FB9 /* CrazyDragViewController.m in Sources */,
			);
			runOnlyForDeploymentPostprocessing = 0;
		};
		12164ACA191605D4001D5FB9 /* Sources */ = {
			isa = PBXSourcesBuildPhase;
			buildActionMask = 2147483647;
			files = (
				12164ADC191605D4001D5FB9 /* CrazyDragTests.m in Sources */,
			);
			runOnlyForDeploymentPostprocessing = 0;
		};
/* End PBXSourcesBuildPhase section */

/* Begin PBXTargetDependency section */
		12164AD4191605D4001D5FB9 /* PBXTargetDependency */ = {
			isa = PBXTargetDependency;
			target = 12164AAC191605D3001D5FB9 /* CrazyDrag */;
			targetProxy = 12164AD3191605D4001D5FB9 /* PBXContainerItemProxy */;
		};
/* End PBXTargetDependency section */

/* Begin PBXVariantGroup section */
		12164AB9191605D3001D5FB9 /* InfoPlist.strings */ = {
			isa = PBXVariantGroup;
			children = (
				12164ABA191605D3001D5FB9 /* en */,
			);
			name = InfoPlist.strings;
			sourceTree = "<group>";
		};
		12164AC2191605D4001D5FB9 /* Main.storyboard */ = {
			isa = PBXVariantGroup;
			children = (
				12164AC3191605D4001D5FB9 /* Base */,
			);
			name = Main.storyboard;
			sourceTree = "<group>";
		};
		12164AD8191605D4001D5FB9 /* InfoPlist.strings */ = {
			isa = PBXVariantGroup;
			children = (
				12164AD9191605D4001D5FB9 /* en */,
			);
			name = InfoPlist.strings;
			sourceTree = "<group>";
		};
/* End PBXVariantGroup section */

/* Begin XCBuildConfiguration section */
		12164ADD191605D4001D5FB9 /* Debug */ = {
			isa = XCBuildConfiguration;
			buildSettings = {
				ALWAYS_SEARCH_USER_PATHS = NO;
				CLANG_CXX_LANGUAGE_STANDARD = "gnu++0x";
				CLANG_CXX_LIBRARY = "libc++";
				CLANG_ENABLE_MODULES = YES;
				CLANG_ENABLE_OBJC_ARC = YES;
				CLANG_WARN_BOOL_CONVERSION = YES;
				CLANG_WARN_CONSTANT_CONVERSION = YES;
				CLANG_WARN_DIRECT_OBJC_ISA_USAGE = YES_ERROR;
				CLANG_WARN_EMPTY_BODY = YES;
				CLANG_WARN_ENUM_CONVERSION = YES;
				CLANG_WARN_INT_CONVERSION = YES;
				CLANG_WARN_OBJC_ROOT_CLASS = YES_ERROR;
				CLANG_WARN__DUPLICATE_METHOD_MATCH = YES;
				"CODE_SIGN_IDENTITY[sdk=iphoneos*]" = "iPhone Developer";
				COPY_PHASE_STRIP = NO;
				GCC_C_LANGUAGE_STANDARD = gnu99;
				GCC_DYNAMIC_NO_PIC = NO;
				GCC_OPTIMIZATION_LEVEL = 0;
				GCC_PREPROCESSOR_DEFINITIONS = (
					"DEBUG=1",
					"$(inherited)",
				);
				GCC_SYMBOLS_PRIVATE_EXTERN = NO;
				GCC_WARN_64_TO_32_BIT_CONVERSION = YES;
				GCC_WARN_ABOUT_RETURN_TYPE = YES_ERROR;
				GCC_WARN_UNDECLARED_SELECTOR = YES;
				GCC_WARN_UNINITIALIZED_AUTOS = YES_AGGRESSIVE;
				GCC_WARN_UNUSED_FUNCTION = YES;
				GCC_WARN_UNUSED_VARIABLE = YES;
				IPHONEOS_DEPLOYMENT_TARGET = 7.1;
				ONLY_ACTIVE_ARCH = YES;
				SDKROOT = iphoneos;
			};
			name = Debug;
		};
		12164ADE191605D4001D5FB9 /* Release */ = {
			isa = XCBuildConfiguration;
			buildSettings = {
				ALWAYS_SEARCH_USER_PATHS = NO;
				CLANG_CXX_LANGUAGE_STANDARD = "gnu++0x";
				CLANG_CXX_LIBRARY = "libc++";
				CLANG_ENABLE_MODULES = YES;
				CLANG_ENABLE_OBJC_ARC = YES;
				CLANG_WARN_BOOL_CONVERSION = YES;
				CLANG_WARN_CONSTANT_CONVERSION = YES;
				CLANG_WARN_DIRECT_OBJC_ISA_USAGE = YES_ERROR;
				CLANG_WARN_EMPTY_BODY = YES;
				CLANG_WARN_ENUM_CONVERSION = YES;
				CLANG_WARN_INT_CONVERSION = YES;
				CLANG_WARN_OBJC_ROOT_CLASS = YES_ERROR;
				CLANG_WARN__DUPLICATE_METHOD_MATCH = YES;
				"CODE_SIGN_IDENTITY[sdk=iphoneos*]" = "iPhone Developer";
				COPY_PHASE_STRIP = YES;
				ENABLE_NS_ASSERTIONS = NO;
				GCC_C_LANGUAGE_STANDARD = gnu99;
				GCC_WARN_64_TO_32_BIT_CONVERSION = YES;
				GCC_WARN_ABOUT_RETURN_TYPE = YES_ERROR;
				GCC_WARN_UNDECLARED_SELECTOR = YES;
				GCC_WARN_UNINITIALIZED_AUTOS = YES_AGGRESSIVE;
				GCC_WARN_UNUSED_FUNCTION = YES;
				GCC_WARN_UNUSED_VARIABLE = YES;
				IPHONEOS_DEPLOYMENT_TARGET = 7.1;
				SDKROOT = iphoneos;
				VALIDATE_PRODUCT = YES;
			};
			name = Release;
		};
		12164AE0191605D4001D5FB9 /* Debug */ = {
			isa = XCBuildConfiguration;
			buildSettings = {
				ASSETCATALOG_COMPILER_APPICON_NAME = AppIcon;
				ASSETCATALOG_COMPILER_LAUNCHIMAGE_NAME = LaunchImage;
				GCC_PRECOMPILE_PREFIX_HEADER = YES;
				GCC_PREFIX_HEADER = "CrazyDrag/CrazyDrag-Prefix.pch";
				INFOPLIST_FILE = "CrazyDrag/CrazyDrag-Info.plist";
				IPHONEOS_DEPLOYMENT_TARGET = 7.0;
				PRODUCT_NAME = "$(TARGET_NAME)";
				WRAPPER_EXTENSION = app;
			};
			name = Debug;
		};
		12164AE1191605D4001D5FB9 /* Release */ = {
			isa = XCBuildConfiguration;
			buildSettings = {
				ASSETCATALOG_COMPILER_APPICON_NAME = AppIcon;
				ASSETCATALOG_COMPILER_LAUNCHIMAGE_NAME = LaunchImage;
				GCC_PRECOMPILE_PREFIX_HEADER = YES;
				GCC_PREFIX_HEADER = "CrazyDrag/CrazyDrag-Prefix.pch";
				INFOPLIST_FILE = "CrazyDrag/CrazyDrag-Info.plist";
				IPHONEOS_DEPLOYMENT_TARGET = 7.0;
				PRODUCT_NAME = "$(TARGET_NAME)";
				WRAPPER_EXTENSION = app;
			};
			name = Release;
		};
		12164AE3191605D4001D5FB9 /* Debug */ = {
			isa = XCBuildConfiguration;
			buildSettings = {
				BUNDLE_LOADER = "$(BUILT_PRODUCTS_DIR)/CrazyDrag.app/CrazyDrag";
				FRAMEWORK_SEARCH_PATHS = (
					"$(SDKROOT)/Developer/Library/Frameworks",
					"$(inherited)",
					"$(DEVELOPER_FRAMEWORKS_DIR)",
				);
				GCC_PRECOMPILE_PREFIX_HEADER = YES;
				GCC_PREFIX_HEADER = "CrazyDrag/CrazyDrag-Prefix.pch";
				GCC_PREPROCESSOR_DEFINITIONS = (
					"DEBUG=1",
					"$(inherited)",
				);
				INFOPLIST_FILE = "CrazyDragTests/CrazyDragTests-Info.plist";
				PRODUCT_NAME = "$(TARGET_NAME)";
				TEST_HOST = "$(BUNDLE_LOADER)";
				WRAPPER_EXTENSION = xctest;
			};
			name = Debug;
		};
		12164AE4191605D4001D5FB9 /* Release */ = {
			isa = XCBuildConfiguration;
			buildSettings = {
				BUNDLE_LOADER = "$(BUILT_PRODUCTS_DIR)/CrazyDrag.app/CrazyDrag";
				FRAMEWORK_SEARCH_PATHS = (
					"$(SDKROOT)/Developer/Library/Frameworks",
					"$(inherited)",
					"$(DEVELOPER_FRAMEWORKS_DIR)",
				);
				GCC_PRECOMPILE_PREFIX_HEADER = YES;
				GCC_PREFIX_HEADER = "CrazyDrag/CrazyDrag-Prefix.pch";
				INFOPLIST_FILE = "CrazyDragTests/CrazyDragTests-Info.plist";
				PRODUCT_NAME = "$(TARGET_NAME)";
				TEST_HOST = "$(BUNDLE_LOADER)";
				WRAPPER_EXTENSION = xctest;
			};
			name = Release;
		};
/* End XCBuildConfiguration section */

/* Begin XCConfigurationList section */
		12164AA8191605D3001D5FB9 /* Build configuration list for PBXProject "CrazyDrag" */ = {
			isa = XCConfigurationList;
			buildConfigurations = (
				12164ADD191605D4001D5FB9 /* Debug */,
				12164ADE191605D4001D5FB9 /* Release */,
			);
			defaultConfigurationIsVisible = 0;
			defaultConfigurationName = Release;
		};
		12164ADF191605D4001D5FB9 /* Build configuration list for PBXNativeTarget "CrazyDrag" */ = {
			isa = XCConfigurationList;
			buildConfigurations = (
				12164AE0191605D4001D5FB9 /* Debug */,
				12164AE1191605D4001D5FB9 /* Release */,
			);
			defaultConfigurationIsVisible = 0;
			defaultConfigurationName = Release;
		};
		12164AE2191605D4001D5FB9 /* Build configuration list for PBXNativeTarget "CrazyDragTests" */ = {
			isa = XCConfigurationList;
			buildConfigurations = (
				12164AE3191605D4001D5FB9 /* Debug */,
				12164AE4191605D4001D5FB9 /* Release */,
			);
			defaultConfigurationIsVisible = 0;
			defaultConfigurationName = Release;
		};
/* End XCConfigurationList section */
	};
	rootObject = 12164AA5191605D3001D5FB9 /* Project object */;
}
